{
    "_meta": {
        "hash": {
            "sha256": "ea0e8f75560b65de01361e08fadb3e94f28b5fa5f83602a79defbf3571111d93"
        },
        "pipfile-spec": 6,
        "requires": {
            "python_version": "3.6"
        },
        "sources": [
            {
                "name": "pypi",
                "url": "https://pypi.python.org/simple",
                "verify_ssl": true
            }
        ]
    },
    "default": {
        "pycairo": {
            "hashes": [
                "sha256:cdd4d1d357325dec3a21720b85d273408ef83da5f15c184f2eff3212ff236b9f"
            ],
            "index": "pypi",
            "version": "==1.17.0"
        },
        "pygobject": {
            "hashes": [
                "sha256:f704f4be3b4ae3cae70acf82ac64a8c7c44d3acad2d33e9849056ac317345f5e"
            ],
            "index": "pypi",
            "version": "==3.28.2"
        },
        "pyserial": {
            "hashes": [
                "sha256:6e2d401fdee0eab996cf734e67773a0143b932772ca8b42451440cfed942c627",
                "sha256:e0770fadba80c31013896c7e6ef703f72e7834965954a78e71a3049488d4d7d8"
            ],
            "index": "pypi",
            "version": "==3.4"
        },
        "sqlalchemy": {
            "hashes": [
                "sha256:d6cda03b0187d6ed796ff70e87c9a7dce2c2c9650a7bc3c022cd331416853c31"
            ],
            "index": "pypi",
            "version": "==1.2.7"
        }
    },
    "develop": {}
}
